
Microsoft Visual Studio Solution File, Format Version 12.00
# Visual Studio Version 16
VisualStudioVersion = 16.0.31424.327
MinimumVisualStudioVersion = 10.0.40219.1
Project("{FAE04EC0-301F-11D3-BF4B-00C04F79EFBC}") = "api.CIS", "api.CIS\api.CIS.csproj", "{C3E4936D-51F6-4CF4-9591-50967F2F1312}"
EndProject
Global
	GlobalSection(SolutionConfigurationPlatforms) = preSolution
		Debug|Any CPU = Debug|Any CPU
		Release|Any CPU = Release|Any CPU
	EndGlobalSection
	GlobalSection(ProjectConfigurationPlatforms) = postSolution
		{C3E4936D-51F6-4CF4-9591-50967F2F1312}.Debug|Any CPU.ActiveCfg = Debug|Any CPU
		{C3E4936D-51F6-4CF4-9591-50967F2F1312}.Debug|Any CPU.Build.0 = Debug|Any CPU
		{C3E4936D-51F6-4CF4-9591-50967F2F1312}.Release|Any CPU.ActiveCfg = Release|Any CPU
		{C3E4936D-51F6-4CF4-9591-50967F2F1312}.Release|Any CPU.Build.0 = Release|Any CPU
	EndGlobalSection
	GlobalSection(SolutionProperties) = preSolution
		HideSolutionNode = FALSE
	EndGlobalSection
	GlobalSection(ExtensibilityGlobals) = postSolution
		SolutionGuid = {3B6A98E7-BFE9-42FF-9680-2D834FD060AD}
	EndGlobalSection
EndGlobal
